{
  "requires": true,
  "lockfileVersion": 1,
  "dependencies": {
    "react-motion-router": {
      "version": "1.1.15",
      "resolved": "https://registry.npmjs.org/react-motion-router/-/react-motion-router-1.1.15.tgz",
      "integrity": "sha512-QC0zr7nrnPk6IXWmYaYiNfy1ZSH9Hj8Np9edUOjYA4jsAMvtIQRNqOR+4eondG3JRSWOPPbiTlukLBykEnxmBg=="
    }
  }
}
